// !$*UTF8*$!
{
	archiveVersion = 1;
	classes = {
	};
	objectVersion = 56;
	objects = {

/* Begin PBXBuildFile section */
		9B08054F2AF109E700FB72DE /* ParentConnexion.swift in Sources */ = {isa = PBXBuildFile; fileRef = 9B08054E2AF109E700FB72DE /* ParentConnexion.swift */; };
		9B3E03B02AF139430075E824 /* ProfModel.swift in Sources */ = {isa = PBXBuildFile; fileRef = 9B3E03AF2AF139430075E824 /* ProfModel.swift */; };
		9B3E03B22AF14E900075E824 /* ParentAPIRequestViewModel.swift in Sources */ = {isa = PBXBuildFile; fileRef = 9B3E03B12AF14E900075E824 /* ParentAPIRequestViewModel.swift */; };
		9B3E03B42AF14EE30075E824 /* ProfAPIRequestViewModel.swift in Sources */ = {isa = PBXBuildFile; fileRef = 9B3E03B32AF14EE30075E824 /* ProfAPIRequestViewModel.swift */; };
		9B3E03B82AF160400075E824 /* ParentSelectEnfant.swift in Sources */ = {isa = PBXBuildFile; fileRef = 9B3E03B72AF160400075E824 /* ParentSelectEnfant.swift */; };
		9B3E03BA2AF396BD0075E824 /* EleveConnexion.swift in Sources */ = {isa = PBXBuildFile; fileRef = 9B3E03B92AF396BD0075E824 /* EleveConnexion.swift */; };
		9B3EE3C72AEA66C6002ABAFB /* ParentAjoutDoc.swift in Sources */ = {isa = PBXBuildFile; fileRef = 9B3EE3C62AEA66C6002ABAFB /* ParentAjoutDoc.swift */; };
		9B3EE3C92AEA66D4002ABAFB /* EleveBesoinAide.swift in Sources */ = {isa = PBXBuildFile; fileRef = 9B3EE3C82AEA66D4002ABAFB /* EleveBesoinAide.swift */; };
		9B3EE3CD2AEA66DF002ABAFB /* ParentContactprof.swift in Sources */ = {isa = PBXBuildFile; fileRef = 9B3EE3CA2AEA66DF002ABAFB /* ParentContactprof.swift */; };
		9B3EE3CE2AEA66DF002ABAFB /* ParentAnnuaire.swift in Sources */ = {isa = PBXBuildFile; fileRef = 9B3EE3CB2AEA66DF002ABAFB /* ParentAnnuaire.swift */; };
		9B3EE3CF2AEA66DF002ABAFB /* EleveContactImportant.swift in Sources */ = {isa = PBXBuildFile; fileRef = 9B3EE3CC2AEA66DF002ABAFB /* EleveContactImportant.swift */; };
		9B3EE3D12AEA67CF002ABAFB /* ParentDeclaAbsence.swift in Sources */ = {isa = PBXBuildFile; fileRef = 9B3EE3D02AEA67CF002ABAFB /* ParentDeclaAbsence.swift */; };
		9B3EE3D42AEA67E2002ABAFB /* ParentListDoc.swift in Sources */ = {isa = PBXBuildFile; fileRef = 9B3EE3D22AEA67E2002ABAFB /* ParentListDoc.swift */; };
		9B3EE3D52AEA67E2002ABAFB /* EleveListDoc.swift in Sources */ = {isa = PBXBuildFile; fileRef = 9B3EE3D32AEA67E2002ABAFB /* EleveListDoc.swift */; };
		9B3EE3DA2AEA67F2002ABAFB /* ParentEnvoiMsg.swift in Sources */ = {isa = PBXBuildFile; fileRef = 9B3EE3D62AEA67F2002ABAFB /* ParentEnvoiMsg.swift */; };
		9B3EE3DB2AEA67F2002ABAFB /* ParentMonEspace.swift in Sources */ = {isa = PBXBuildFile; fileRef = 9B3EE3D72AEA67F2002ABAFB /* ParentMonEspace.swift */; };
		9B3EE3DC2AEA67F2002ABAFB /* EleveMonEspace.swift in Sources */ = {isa = PBXBuildFile; fileRef = 9B3EE3D82AEA67F2002ABAFB /* EleveMonEspace.swift */; };
		9B3EE3DD2AEA67F2002ABAFB /* EleveNotification.swift in Sources */ = {isa = PBXBuildFile; fileRef = 9B3EE3D92AEA67F2002ABAFB /* EleveNotification.swift */; };
		9B3EE3E12AEA6880002ABAFB /* SelectUser.swift in Sources */ = {isa = PBXBuildFile; fileRef = 9B3EE3DE2AEA6880002ABAFB /* SelectUser.swift */; };
		9B3EE3E22AEA6880002ABAFB /* EleveMonProfil.swift in Sources */ = {isa = PBXBuildFile; fileRef = 9B3EE3DF2AEA6880002ABAFB /* EleveMonProfil.swift */; };
		9B3EE3E32AEA6880002ABAFB /* ParentModalNotification.swift in Sources */ = {isa = PBXBuildFile; fileRef = 9B3EE3E02AEA6880002ABAFB /* ParentModalNotification.swift */; };
		9B3EE3E52AEA68A4002ABAFB /* tabView.swift in Sources */ = {isa = PBXBuildFile; fileRef = 9B3EE3E42AEA68A4002ABAFB /* tabView.swift */; };
		9B3EE3E92AEA75B8002ABAFB /* ParentNotification.swift in Sources */ = {isa = PBXBuildFile; fileRef = 9B3EE3E82AEA75B8002ABAFB /* ParentNotification.swift */; };
		9B3EE3EC2AEFAA39002ABAFB /* local.env.swift in Sources */ = {isa = PBXBuildFile; fileRef = 9B3EE3EB2AEFAA39002ABAFB /* local.env.swift */; };
		9B3EE3EF2AEFACFF002ABAFB /* EleveModel.swift in Sources */ = {isa = PBXBuildFile; fileRef = 9B3EE3EE2AEFACFF002ABAFB /* EleveModel.swift */; };
		9B3EE3F32AEFBD69002ABAFB /* QRCodeGenerate.swift in Sources */ = {isa = PBXBuildFile; fileRef = 9B3EE3F22AEFBD69002ABAFB /* QRCodeGenerate.swift */; };
		9B3EE3F52AEFC456002ABAFB /* QrCode.swift in Sources */ = {isa = PBXBuildFile; fileRef = 9B3EE3F42AEFC456002ABAFB /* QrCode.swift */; };
		9B3EE3F72AF03622002ABAFB /* ParentModel.swift in Sources */ = {isa = PBXBuildFile; fileRef = 9B3EE3F62AF03622002ABAFB /* ParentModel.swift */; };
		9B3EE3F92AF0363F002ABAFB /* imagemodel.swift in Sources */ = {isa = PBXBuildFile; fileRef = 9B3EE3F82AF0363F002ABAFB /* imagemodel.swift */; };
		9B3EE3FB2AF036D1002ABAFB /* APIRequestViewModel.swift in Sources */ = {isa = PBXBuildFile; fileRef = 9B3EE3FA2AF036D1002ABAFB /* APIRequestViewModel.swift */; };
		9B3EE3FD2AF03730002ABAFB /* UserListView.swift in Sources */ = {isa = PBXBuildFile; fileRef = 9B3EE3FC2AF03730002ABAFB /* UserListView.swift */; };
		9B3EE3FF2AF03AA8002ABAFB /* EleveAPIRequestViewModel.swift in Sources */ = {isa = PBXBuildFile; fileRef = 9B3EE3FE2AF03AA8002ABAFB /* EleveAPIRequestViewModel.swift */; };
		9B807F822AEA64770011A542 /* ProEducApp.swift in Sources */ = {isa = PBXBuildFile; fileRef = 9B807F812AEA64770011A542 /* ProEducApp.swift */; };
		9B807F862AEA64790011A542 /* Assets.xcassets in Resources */ = {isa = PBXBuildFile; fileRef = 9B807F852AEA64790011A542 /* Assets.xcassets */; };
		9B807F892AEA64790011A542 /* Preview Assets.xcassets in Resources */ = {isa = PBXBuildFile; fileRef = 9B807F882AEA64790011A542 /* Preview Assets.xcassets */; };
		DF7BA47C2AF4F0A200598EC6 /* Classes.swift in Sources */ = {isa = PBXBuildFile; fileRef = DF7BA47B2AF4F0A200598EC6 /* Classes.swift */; };
/* End PBXBuildFile section */

/* Begin PBXFileReference section */
		9B08054E2AF109E700FB72DE /* ParentConnexion.swift */ = {isa = PBXFileReference; lastKnownFileType = sourcecode.swift; path = ParentConnexion.swift; sourceTree = "<group>"; };
		9B3E03AF2AF139430075E824 /* ProfModel.swift */ = {isa = PBXFileReference; lastKnownFileType = sourcecode.swift; path = ProfModel.swift; sourceTree = "<group>"; };
		9B3E03B12AF14E900075E824 /* ParentAPIRequestViewModel.swift */ = {isa = PBXFileReference; lastKnownFileType = sourcecode.swift; path = ParentAPIRequestViewModel.swift; sourceTree = "<group>"; };
		9B3E03B32AF14EE30075E824 /* ProfAPIRequestViewModel.swift */ = {isa = PBXFileReference; lastKnownFileType = sourcecode.swift; path = ProfAPIRequestViewModel.swift; sourceTree = "<group>"; };
		9B3E03B72AF160400075E824 /* ParentSelectEnfant.swift */ = {isa = PBXFileReference; lastKnownFileType = sourcecode.swift; path = ParentSelectEnfant.swift; sourceTree = "<group>"; };
		9B3E03B92AF396BD0075E824 /* EleveConnexion.swift */ = {isa = PBXFileReference; lastKnownFileType = sourcecode.swift; path = EleveConnexion.swift; sourceTree = "<group>"; };
		9B3EE3C62AEA66C6002ABAFB /* ParentAjoutDoc.swift */ = {isa = PBXFileReference; fileEncoding = 4; lastKnownFileType = sourcecode.swift; path = ParentAjoutDoc.swift; sourceTree = "<group>"; };
		9B3EE3C82AEA66D4002ABAFB /* EleveBesoinAide.swift */ = {isa = PBXFileReference; fileEncoding = 4; lastKnownFileType = sourcecode.swift; path = EleveBesoinAide.swift; sourceTree = "<group>"; };
		9B3EE3CA2AEA66DF002ABAFB /* ParentContactprof.swift */ = {isa = PBXFileReference; fileEncoding = 4; lastKnownFileType = sourcecode.swift; path = ParentContactprof.swift; sourceTree = "<group>"; };
		9B3EE3CB2AEA66DF002ABAFB /* ParentAnnuaire.swift */ = {isa = PBXFileReference; fileEncoding = 4; lastKnownFileType = sourcecode.swift; path = ParentAnnuaire.swift; sourceTree = "<group>"; };
		9B3EE3CC2AEA66DF002ABAFB /* EleveContactImportant.swift */ = {isa = PBXFileReference; fileEncoding = 4; lastKnownFileType = sourcecode.swift; path = EleveContactImportant.swift; sourceTree = "<group>"; };
		9B3EE3D02AEA67CF002ABAFB /* ParentDeclaAbsence.swift */ = {isa = PBXFileReference; fileEncoding = 4; lastKnownFileType = sourcecode.swift; path = ParentDeclaAbsence.swift; sourceTree = "<group>"; };
		9B3EE3D22AEA67E2002ABAFB /* ParentListDoc.swift */ = {isa = PBXFileReference; fileEncoding = 4; lastKnownFileType = sourcecode.swift; path = ParentListDoc.swift; sourceTree = "<group>"; };
		9B3EE3D32AEA67E2002ABAFB /* EleveListDoc.swift */ = {isa = PBXFileReference; fileEncoding = 4; lastKnownFileType = sourcecode.swift; path = EleveListDoc.swift; sourceTree = "<group>"; };
		9B3EE3D62AEA67F2002ABAFB /* ParentEnvoiMsg.swift */ = {isa = PBXFileReference; fileEncoding = 4; lastKnownFileType = sourcecode.swift; path = ParentEnvoiMsg.swift; sourceTree = "<group>"; };
		9B3EE3D72AEA67F2002ABAFB /* ParentMonEspace.swift */ = {isa = PBXFileReference; fileEncoding = 4; lastKnownFileType = sourcecode.swift; path = ParentMonEspace.swift; sourceTree = "<group>"; };
		9B3EE3D82AEA67F2002ABAFB /* EleveMonEspace.swift */ = {isa = PBXFileReference; fileEncoding = 4; lastKnownFileType = sourcecode.swift; path = EleveMonEspace.swift; sourceTree = "<group>"; };
		9B3EE3D92AEA67F2002ABAFB /* EleveNotification.swift */ = {isa = PBXFileReference; fileEncoding = 4; lastKnownFileType = sourcecode.swift; path = EleveNotification.swift; sourceTree = "<group>"; };
		9B3EE3DE2AEA6880002ABAFB /* SelectUser.swift */ = {isa = PBXFileReference; fileEncoding = 4; lastKnownFileType = sourcecode.swift; path = SelectUser.swift; sourceTree = "<group>"; };
		9B3EE3DF2AEA6880002ABAFB /* EleveMonProfil.swift */ = {isa = PBXFileReference; fileEncoding = 4; lastKnownFileType = sourcecode.swift; path = EleveMonProfil.swift; sourceTree = "<group>"; };
		9B3EE3E02AEA6880002ABAFB /* ParentModalNotification.swift */ = {isa = PBXFileReference; fileEncoding = 4; lastKnownFileType = sourcecode.swift; path = ParentModalNotification.swift; sourceTree = "<group>"; };
		9B3EE3E42AEA68A4002ABAFB /* tabView.swift */ = {isa = PBXFileReference; fileEncoding = 4; lastKnownFileType = sourcecode.swift; path = tabView.swift; sourceTree = "<group>"; };
		9B3EE3E82AEA75B8002ABAFB /* ParentNotification.swift */ = {isa = PBXFileReference; lastKnownFileType = sourcecode.swift; path = ParentNotification.swift; sourceTree = "<group>"; };
		9B3EE3EB2AEFAA39002ABAFB /* local.env.swift */ = {isa = PBXFileReference; lastKnownFileType = sourcecode.swift; path = local.env.swift; sourceTree = "<group>"; };
		9B3EE3EE2AEFACFF002ABAFB /* EleveModel.swift */ = {isa = PBXFileReference; lastKnownFileType = sourcecode.swift; path = EleveModel.swift; sourceTree = "<group>"; };
		9B3EE3F22AEFBD69002ABAFB /* QRCodeGenerate.swift */ = {isa = PBXFileReference; lastKnownFileType = sourcecode.swift; path = QRCodeGenerate.swift; sourceTree = "<group>"; };
		9B3EE3F42AEFC456002ABAFB /* QrCode.swift */ = {isa = PBXFileReference; lastKnownFileType = sourcecode.swift; path = QrCode.swift; sourceTree = "<group>"; };
		9B3EE3F62AF03622002ABAFB /* ParentModel.swift */ = {isa = PBXFileReference; lastKnownFileType = sourcecode.swift; path = ParentModel.swift; sourceTree = "<group>"; };
		9B3EE3F82AF0363F002ABAFB /* imagemodel.swift */ = {isa = PBXFileReference; lastKnownFileType = sourcecode.swift; path = imagemodel.swift; sourceTree = "<group>"; };
		9B3EE3FA2AF036D1002ABAFB /* APIRequestViewModel.swift */ = {isa = PBXFileReference; lastKnownFileType = sourcecode.swift; path = APIRequestViewModel.swift; sourceTree = "<group>"; };
		9B3EE3FC2AF03730002ABAFB /* UserListView.swift */ = {isa = PBXFileReference; lastKnownFileType = sourcecode.swift; path = UserListView.swift; sourceTree = "<group>"; };
		9B3EE3FE2AF03AA8002ABAFB /* EleveAPIRequestViewModel.swift */ = {isa = PBXFileReference; lastKnownFileType = sourcecode.swift; path = EleveAPIRequestViewModel.swift; sourceTree = "<group>"; };
		9B807F7E2AEA64770011A542 /* ProEduc.app */ = {isa = PBXFileReference; explicitFileType = wrapper.application; includeInIndex = 0; path = ProEduc.app; sourceTree = BUILT_PRODUCTS_DIR; };
		9B807F812AEA64770011A542 /* ProEducApp.swift */ = {isa = PBXFileReference; lastKnownFileType = sourcecode.swift; path = ProEducApp.swift; sourceTree = "<group>"; };
		9B807F852AEA64790011A542 /* Assets.xcassets */ = {isa = PBXFileReference; lastKnownFileType = folder.assetcatalog; path = Assets.xcassets; sourceTree = "<group>"; };
		9B807F882AEA64790011A542 /* Preview Assets.xcassets */ = {isa = PBXFileReference; lastKnownFileType = folder.assetcatalog; path = "Preview Assets.xcassets"; sourceTree = "<group>"; };
		DF7BA47B2AF4F0A200598EC6 /* Classes.swift */ = {isa = PBXFileReference; fileEncoding = 4; lastKnownFileType = sourcecode.swift; name = Classes.swift; path = ../../../ProEduc3/ProEduc/Views/Classes.swift; sourceTree = "<group>"; };
/* End PBXFileReference section */

/* Begin PBXFrameworksBuildPhase section */
		9B807F7B2AEA64770011A542 /* Frameworks */ = {
			isa = PBXFrameworksBuildPhase;
			buildActionMask = 2147483647;
			files = (
			);
			runOnlyForDeploymentPostprocessing = 0;
		};
/* End PBXFrameworksBuildPhase section */

/* Begin PBXGroup section */
		9B3EE3E62AEA6963002ABAFB /* App */ = {
			isa = PBXGroup;
			children = (
				9B807F812AEA64770011A542 /* ProEducApp.swift */,
				9B3EE3E42AEA68A4002ABAFB /* tabView.swift */,
			);
			path = App;
			sourceTree = "<group>";
		};
		9B3EE3E72AEA697F002ABAFB /* Views */ = {
			isa = PBXGroup;
			children = (
				9B3EE3CB2AEA66DF002ABAFB /* ParentAnnuaire.swift */,
				9B3EE3D02AEA67CF002ABAFB /* ParentDeclaAbsence.swift */,
				9B3EE3CC2AEA66DF002ABAFB /* EleveContactImportant.swift */,
				9B3EE3CA2AEA66DF002ABAFB /* ParentContactprof.swift */,
				9B3EE3D32AEA67E2002ABAFB /* EleveListDoc.swift */,
				9B3EE3D22AEA67E2002ABAFB /* ParentListDoc.swift */,
				9B3EE3D62AEA67F2002ABAFB /* ParentEnvoiMsg.swift */,
				9B3EE3D82AEA67F2002ABAFB /* EleveMonEspace.swift */,
				9B3EE3D72AEA67F2002ABAFB /* ParentMonEspace.swift */,
				DF7BA47B2AF4F0A200598EC6 /* Classes.swift */,
				9B3EE3D92AEA67F2002ABAFB /* EleveNotification.swift */,
				9B3EE3E82AEA75B8002ABAFB /* ParentNotification.swift */,
				9B3EE3DF2AEA6880002ABAFB /* EleveMonProfil.swift */,
				9B3EE3DE2AEA6880002ABAFB /* SelectUser.swift */,
				9B3EE3E02AEA6880002ABAFB /* ParentModalNotification.swift */,
				9B3EE3C82AEA66D4002ABAFB /* EleveBesoinAide.swift */,
				9B3EE3C62AEA66C6002ABAFB /* ParentAjoutDoc.swift */,
				9B3EE3F42AEFC456002ABAFB /* QrCode.swift */,
				9B3EE3FA2AF036D1002ABAFB /* APIRequestViewModel.swift */,
				9B3EE3FC2AF03730002ABAFB /* UserListView.swift */,
				9B3EE3FE2AF03AA8002ABAFB /* EleveAPIRequestViewModel.swift */,
				9B08054E2AF109E700FB72DE /* ParentConnexion.swift */,
				9B3E03B12AF14E900075E824 /* ParentAPIRequestViewModel.swift */,
				9B3E03B32AF14EE30075E824 /* ProfAPIRequestViewModel.swift */,
				9B3E03B72AF160400075E824 /* ParentSelectEnfant.swift */,
				9B3E03B92AF396BD0075E824 /* EleveConnexion.swift */,
			);
			path = Views;
			sourceTree = "<group>";
		};
		9B3EE3EA2AEFAA20002ABAFB /* Helper */ = {
			isa = PBXGroup;
			children = (
				9B3EE3EB2AEFAA39002ABAFB /* local.env.swift */,
			);
			path = Helper;
			sourceTree = "<group>";
		};
		9B3EE3ED2AEFACE8002ABAFB /* Models */ = {
			isa = PBXGroup;
			children = (
				9B3EE3EE2AEFACFF002ABAFB /* EleveModel.swift */,
				9B3EE3F22AEFBD69002ABAFB /* QRCodeGenerate.swift */,
				9B3EE3F62AF03622002ABAFB /* ParentModel.swift */,
				9B3EE3F82AF0363F002ABAFB /* imagemodel.swift */,
				9B3E03AF2AF139430075E824 /* ProfModel.swift */,
			);
			path = Models;
			sourceTree = "<group>";
		};
		9B807F752AEA64770011A542 = {
			isa = PBXGroup;
			children = (
				9B807F802AEA64770011A542 /* ProEduc */,
				9B807F7F2AEA64770011A542 /* Products */,
			);
			sourceTree = "<group>";
		};
		9B807F7F2AEA64770011A542 /* Products */ = {
			isa = PBXGroup;
			children = (
				9B807F7E2AEA64770011A542 /* ProEduc.app */,
			);
			name = Products;
			sourceTree = "<group>";
		};
		9B807F802AEA64770011A542 /* ProEduc */ = {
			isa = PBXGroup;
			children = (
				9B3EE3ED2AEFACE8002ABAFB /* Models */,
				9B3EE3EA2AEFAA20002ABAFB /* Helper */,
				9B3EE3E62AEA6963002ABAFB /* App */,
				9B3EE3E72AEA697F002ABAFB /* Views */,
				9B807F852AEA64790011A542 /* Assets.xcassets */,
				9B807F872AEA64790011A542 /* Preview Content */,
			);
			path = ProEduc;
			sourceTree = "<group>";
		};
		9B807F872AEA64790011A542 /* Preview Content */ = {
			isa = PBXGroup;
			children = (
				9B807F882AEA64790011A542 /* Preview Assets.xcassets */,
			);
			path = "Preview Content";
			sourceTree = "<group>";
		};
/* End PBXGroup section */

/* Begin PBXNativeTarget section */
		9B807F7D2AEA64770011A542 /* ProEduc */ = {
			isa = PBXNativeTarget;
			buildConfigurationList = 9B807F8C2AEA64790011A542 /* Build configuration list for PBXNativeTarget "ProEduc" */;
			buildPhases = (
				9B807F7A2AEA64770011A542 /* Sources */,
				9B807F7B2AEA64770011A542 /* Frameworks */,
				9B807F7C2AEA64770011A542 /* Resources */,
			);
			buildRules = (
			);
			dependencies = (
			);
			name = ProEduc;
			productName = ProEduc;
			productReference = 9B807F7E2AEA64770011A542 /* ProEduc.app */;
			productType = "com.apple.product-type.application";
		};
/* End PBXNativeTarget section */

/* Begin PBXProject section */
		9B807F762AEA64770011A542 /* Project object */ = {
			isa = PBXProject;
			attributes = {
				BuildIndependentTargetsInParallel = 1;
				LastSwiftUpdateCheck = 1500;
				LastUpgradeCheck = 1500;
				TargetAttributes = {
					9B807F7D2AEA64770011A542 = {
						CreatedOnToolsVersion = 15.0;
					};
				};
			};
			buildConfigurationList = 9B807F792AEA64770011A542 /* Build configuration list for PBXProject "ProEduc" */;
			compatibilityVersion = "Xcode 14.0";
			developmentRegion = en;
			hasScannedForEncodings = 0;
			knownRegions = (
				en,
				Base,
			);
			mainGroup = 9B807F752AEA64770011A542;
			productRefGroup = 9B807F7F2AEA64770011A542 /* Products */;
			projectDirPath = "";
			projectRoot = "";
			targets = (
				9B807F7D2AEA64770011A542 /* ProEduc */,
			);
		};
/* End PBXProject section */

/* Begin PBXResourcesBuildPhase section */
		9B807F7C2AEA64770011A542 /* Resources */ = {
			isa = PBXResourcesBuildPhase;
			buildActionMask = 2147483647;
			files = (
				9B807F892AEA64790011A542 /* Preview Assets.xcassets in Resources */,
				9B807F862AEA64790011A542 /* Assets.xcassets in Resources */,
			);
			runOnlyForDeploymentPostprocessing = 0;
		};
/* End PBXResourcesBuildPhase section */

/* Begin PBXSourcesBuildPhase section */
		9B807F7A2AEA64770011A542 /* Sources */ = {
			isa = PBXSourcesBuildPhase;
			buildActionMask = 2147483647;
			files = (
				9B3EE3E52AEA68A4002ABAFB /* tabView.swift in Sources */,
				9B3EE3D42AEA67E2002ABAFB /* ParentListDoc.swift in Sources */,
				9B3EE3DB2AEA67F2002ABAFB /* ParentMonEspace.swift in Sources */,
				9B3EE3F52AEFC456002ABAFB /* QrCode.swift in Sources */,
				9B3EE3E32AEA6880002ABAFB /* ParentModalNotification.swift in Sources */,
				9B3EE3F32AEFBD69002ABAFB /* QRCodeGenerate.swift in Sources */,
				9B3EE3DC2AEA67F2002ABAFB /* EleveMonEspace.swift in Sources */,
				9B3EE3FB2AF036D1002ABAFB /* APIRequestViewModel.swift in Sources */,
				9B3EE3EF2AEFACFF002ABAFB /* EleveModel.swift in Sources */,
				9B3EE3C72AEA66C6002ABAFB /* ParentAjoutDoc.swift in Sources */,
				9B3EE3DA2AEA67F2002ABAFB /* ParentEnvoiMsg.swift in Sources */,
				9B3EE3D12AEA67CF002ABAFB /* ParentDeclaAbsence.swift in Sources */,
				DF7BA47C2AF4F0A200598EC6 /* Classes.swift in Sources */,
				9B3EE3C92AEA66D4002ABAFB /* EleveBesoinAide.swift in Sources */,
				9B3EE3DD2AEA67F2002ABAFB /* EleveNotification.swift in Sources */,
				9B3EE3E12AEA6880002ABAFB /* SelectUser.swift in Sources */,
				9B3E03B42AF14EE30075E824 /* ProfAPIRequestViewModel.swift in Sources */,
				9B08054F2AF109E700FB72DE /* ParentConnexion.swift in Sources */,
				9B807F822AEA64770011A542 /* ProEducApp.swift in Sources */,
				9B3EE3E92AEA75B8002ABAFB /* ParentNotification.swift in Sources */,
				9B3E03B22AF14E900075E824 /* ParentAPIRequestViewModel.swift in Sources */,
				9B3EE3D52AEA67E2002ABAFB /* EleveListDoc.swift in Sources */,
				9B3EE3E22AEA6880002ABAFB /* EleveMonProfil.swift in Sources */,
				9B3E03B82AF160400075E824 /* ParentSelectEnfant.swift in Sources */,
				9B3EE3CE2AEA66DF002ABAFB /* ParentAnnuaire.swift in Sources */,
				9B3E03B02AF139430075E824 /* ProfModel.swift in Sources */,
				9B3EE3FF2AF03AA8002ABAFB /* EleveAPIRequestViewModel.swift in Sources */,
				9B3EE3F72AF03622002ABAFB /* ParentModel.swift in Sources */,
				9B3EE3EC2AEFAA39002ABAFB /* local.env.swift in Sources */,
				9B3EE3CD2AEA66DF002ABAFB /* ParentContactprof.swift in Sources */,
				9B3EE3CF2AEA66DF002ABAFB /* EleveContactImportant.swift in Sources */,
				9B3EE3F92AF0363F002ABAFB /* imagemodel.swift in Sources */,
				9B3EE3FD2AF03730002ABAFB /* UserListView.swift in Sources */,
				9B3E03BA2AF396BD0075E824 /* EleveConnexion.swift in Sources */,
			);
			runOnlyForDeploymentPostprocessing = 0;
		};
/* End PBXSourcesBuildPhase section */

/* Begin XCBuildConfiguration section */
		9B807F8A2AEA64790011A542 /* Debug */ = {
			isa = XCBuildConfiguration;
			buildSettings = {
				ALWAYS_SEARCH_USER_PATHS = NO;
				ASSETCATALOG_COMPILER_GENERATE_SWIFT_ASSET_SYMBOL_EXTENSIONS = YES;
				CLANG_ANALYZER_NONNULL = YES;
				CLANG_ANALYZER_NUMBER_OBJECT_CONVERSION = YES_AGGRESSIVE;
				CLANG_CXX_LANGUAGE_STANDARD = "gnu++20";
				CLANG_ENABLE_MODULES = YES;
				CLANG_ENABLE_OBJC_ARC = YES;
				CLANG_ENABLE_OBJC_WEAK = YES;
				CLANG_WARN_BLOCK_CAPTURE_AUTORELEASING = YES;
				CLANG_WARN_BOOL_CONVERSION = YES;
				CLANG_WARN_COMMA = YES;
				CLANG_WARN_CONSTANT_CONVERSION = YES;
				CLANG_WARN_DEPRECATED_OBJC_IMPLEMENTATIONS = YES;
				CLANG_WARN_DIRECT_OBJC_ISA_USAGE = YES_ERROR;
				CLANG_WARN_DOCUMENTATION_COMMENTS = YES;
				CLANG_WARN_EMPTY_BODY = YES;
				CLANG_WARN_ENUM_CONVERSION = YES;
				CLANG_WARN_INFINITE_RECURSION = YES;
				CLANG_WARN_INT_CONVERSION = YES;
				CLANG_WARN_NON_LITERAL_NULL_CONVERSION = YES;
				CLANG_WARN_OBJC_IMPLICIT_RETAIN_SELF = YES;
				CLANG_WARN_OBJC_LITERAL_CONVERSION = YES;
				CLANG_WARN_OBJC_ROOT_CLASS = YES_ERROR;
				CLANG_WARN_QUOTED_INCLUDE_IN_FRAMEWORK_HEADER = YES;
				CLANG_WARN_RANGE_LOOP_ANALYSIS = YES;
				CLANG_WARN_STRICT_PROTOTYPES = YES;
				CLANG_WARN_SUSPICIOUS_MOVE = YES;
				CLANG_WARN_UNGUARDED_AVAILABILITY = YES_AGGRESSIVE;
				CLANG_WARN_UNREACHABLE_CODE = YES;
				CLANG_WARN__DUPLICATE_METHOD_MATCH = YES;
				COPY_PHASE_STRIP = NO;
				DEBUG_INFORMATION_FORMAT = dwarf;
				ENABLE_STRICT_OBJC_MSGSEND = YES;
				ENABLE_TESTABILITY = YES;
				ENABLE_USER_SCRIPT_SANDBOXING = YES;
				GCC_C_LANGUAGE_STANDARD = gnu17;
				GCC_DYNAMIC_NO_PIC = NO;
				GCC_NO_COMMON_BLOCKS = YES;
				GCC_OPTIMIZATION_LEVEL = 0;
				GCC_PREPROCESSOR_DEFINITIONS = (
					"DEBUG=1",
					"$(inherited)",
				);
				GCC_WARN_64_TO_32_BIT_CONVERSION = YES;
				GCC_WARN_ABOUT_RETURN_TYPE = YES_ERROR;
				GCC_WARN_UNDECLARED_SELECTOR = YES;
				GCC_WARN_UNINITIALIZED_AUTOS = YES_AGGRESSIVE;
				GCC_WARN_UNUSED_FUNCTION = YES;
				GCC_WARN_UNUSED_VARIABLE = YES;
				IPHONEOS_DEPLOYMENT_TARGET = 17.0;
				LOCALIZATION_PREFERS_STRING_CATALOGS = YES;
				MTL_ENABLE_DEBUG_INFO = INCLUDE_SOURCE;
				MTL_FAST_MATH = YES;
				ONLY_ACTIVE_ARCH = YES;
				SDKROOT = iphoneos;
				SWIFT_ACTIVE_COMPILATION_CONDITIONS = "DEBUG $(inherited)";
				SWIFT_OPTIMIZATION_LEVEL = "-Onone";
			};
			name = Debug;
		};
		9B807F8B2AEA64790011A542 /* Release */ = {
			isa = XCBuildConfiguration;
			buildSettings = {
				ALWAYS_SEARCH_USER_PATHS = NO;
				ASSETCATALOG_COMPILER_GENERATE_SWIFT_ASSET_SYMBOL_EXTENSIONS = YES;
				CLANG_ANALYZER_NONNULL = YES;
				CLANG_ANALYZER_NUMBER_OBJECT_CONVERSION = YES_AGGRESSIVE;
				CLANG_CXX_LANGUAGE_STANDARD = "gnu++20";
				CLANG_ENABLE_MODULES = YES;
				CLANG_ENABLE_OBJC_ARC = YES;
				CLANG_ENABLE_OBJC_WEAK = YES;
				CLANG_WARN_BLOCK_CAPTURE_AUTORELEASING = YES;
				CLANG_WARN_BOOL_CONVERSION = YES;
				CLANG_WARN_COMMA = YES;
				CLANG_WARN_CONSTANT_CONVERSION = YES;
				CLANG_WARN_DEPRECATED_OBJC_IMPLEMENTATIONS = YES;
				CLANG_WARN_DIRECT_OBJC_ISA_USAGE = YES_ERROR;
				CLANG_WARN_DOCUMENTATION_COMMENTS = YES;
				CLANG_WARN_EMPTY_BODY = YES;
				CLANG_WARN_ENUM_CONVERSION = YES;
				CLANG_WARN_INFINITE_RECURSION = YES;
				CLANG_WARN_INT_CONVERSION = YES;
				CLANG_WARN_NON_LITERAL_NULL_CONVERSION = YES;
				CLANG_WARN_OBJC_IMPLICIT_RETAIN_SELF = YES;
				CLANG_WARN_OBJC_LITERAL_CONVERSION = YES;
				CLANG_WARN_OBJC_ROOT_CLASS = YES_ERROR;
				CLANG_WARN_QUOTED_INCLUDE_IN_FRAMEWORK_HEADER = YES;
				CLANG_WARN_RANGE_LOOP_ANALYSIS = YES;
				CLANG_WARN_STRICT_PROTOTYPES = YES;
				CLANG_WARN_SUSPICIOUS_MOVE = YES;
				CLANG_WARN_UNGUARDED_AVAILABILITY = YES_AGGRESSIVE;
				CLANG_WARN_UNREACHABLE_CODE = YES;
				CLANG_WARN__DUPLICATE_METHOD_MATCH = YES;
				COPY_PHASE_STRIP = NO;
				DEBUG_INFORMATION_FORMAT = "dwarf-with-dsym";
				ENABLE_NS_ASSERTIONS = NO;
				ENABLE_STRICT_OBJC_MSGSEND = YES;
				ENABLE_USER_SCRIPT_SANDBOXING = YES;
				GCC_C_LANGUAGE_STANDARD = gnu17;
				GCC_NO_COMMON_BLOCKS = YES;
				GCC_WARN_64_TO_32_BIT_CONVERSION = YES;
				GCC_WARN_ABOUT_RETURN_TYPE = YES_ERROR;
				GCC_WARN_UNDECLARED_SELECTOR = YES;
				GCC_WARN_UNINITIALIZED_AUTOS = YES_AGGRESSIVE;
				GCC_WARN_UNUSED_FUNCTION = YES;
				GCC_WARN_UNUSED_VARIABLE = YES;
				IPHONEOS_DEPLOYMENT_TARGET = 17.0;
				LOCALIZATION_PREFERS_STRING_CATALOGS = YES;
				MTL_ENABLE_DEBUG_INFO = NO;
				MTL_FAST_MATH = YES;
				SDKROOT = iphoneos;
				SWIFT_COMPILATION_MODE = wholemodule;
				VALIDATE_PRODUCT = YES;
			};
			name = Release;
		};
		9B807F8D2AEA64790011A542 /* Debug */ = {
			isa = XCBuildConfiguration;
			buildSettings = {
				ASSETCATALOG_COMPILER_APPICON_NAME = AppIcon;
				ASSETCATALOG_COMPILER_GLOBAL_ACCENT_COLOR_NAME = AccentColor;
				CODE_SIGN_STYLE = Automatic;
				CURRENT_PROJECT_VERSION = 1;
				DEVELOPMENT_ASSET_PATHS = "\"ProEduc/Preview Content\"";
				ENABLE_PREVIEWS = YES;
				GENERATE_INFOPLIST_FILE = YES;
				INFOPLIST_KEY_UIApplicationSceneManifest_Generation = YES;
				INFOPLIST_KEY_UIApplicationSupportsIndirectInputEvents = YES;
				INFOPLIST_KEY_UILaunchScreen_Generation = YES;
				INFOPLIST_KEY_UISupportedInterfaceOrientations_iPad = "UIInterfaceOrientationPortrait UIInterfaceOrientationPortraitUpsideDown UIInterfaceOrientationLandscapeLeft UIInterfaceOrientationLandscapeRight";
				INFOPLIST_KEY_UISupportedInterfaceOrientations_iPhone = "UIInterfaceOrientationPortrait UIInterfaceOrientationLandscapeLeft UIInterfaceOrientationLandscapeRight";
				LD_RUNPATH_SEARCH_PATHS = (
					"$(inherited)",
					"@executable_path/Frameworks",
				);
				MARKETING_VERSION = 1.0;
				PRODUCT_BUNDLE_IDENTIFIER = com.proeduc.ProEduc;
				PRODUCT_NAME = "$(TARGET_NAME)";
				SWIFT_EMIT_LOC_STRINGS = YES;
				SWIFT_VERSION = 5.0;
				TARGETED_DEVICE_FAMILY = "1,2";
			};
			name = Debug;
		};
		9B807F8E2AEA64790011A542 /* Release */ = {
			isa = XCBuildConfiguration;
			buildSettings = {
				ASSETCATALOG_COMPILER_APPICON_NAME = AppIcon;
				ASSETCATALOG_COMPILER_GLOBAL_ACCENT_COLOR_NAME = AccentColor;
				CODE_SIGN_STYLE = Automatic;
				CURRENT_PROJECT_VERSION = 1;
				DEVELOPMENT_ASSET_PATHS = "\"ProEduc/Preview Content\"";
				ENABLE_PREVIEWS = YES;
				GENERATE_INFOPLIST_FILE = YES;
				INFOPLIST_KEY_UIApplicationSceneManifest_Generation = YES;
				INFOPLIST_KEY_UIApplicationSupportsIndirectInputEvents = YES;
				INFOPLIST_KEY_UILaunchScreen_Generation = YES;
				INFOPLIST_KEY_UISupportedInterfaceOrientations_iPad = "UIInterfaceOrientationPortrait UIInterfaceOrientationPortraitUpsideDown UIInterfaceOrientationLandscapeLeft UIInterfaceOrientationLandscapeRight";
				INFOPLIST_KEY_UISupportedInterfaceOrientations_iPhone = "UIInterfaceOrientationPortrait UIInterfaceOrientationLandscapeLeft UIInterfaceOrientationLandscapeRight";
				LD_RUNPATH_SEARCH_PATHS = (
					"$(inherited)",
					"@executable_path/Frameworks",
				);
				MARKETING_VERSION = 1.0;
				PRODUCT_BUNDLE_IDENTIFIER = com.proeduc.ProEduc;
				PRODUCT_NAME = "$(TARGET_NAME)";
				SWIFT_EMIT_LOC_STRINGS = YES;
				SWIFT_VERSION = 5.0;
				TARGETED_DEVICE_FAMILY = "1,2";
			};
			name = Release;
		};
/* End XCBuildConfiguration section */

/* Begin XCConfigurationList section */
		9B807F792AEA64770011A542 /* Build configuration list for PBXProject "ProEduc" */ = {
			isa = XCConfigurationList;
			buildConfigurations = (
				9B807F8A2AEA64790011A542 /* Debug */,
				9B807F8B2AEA64790011A542 /* Release */,
			);
			defaultConfigurationIsVisible = 0;
			defaultConfigurationName = Release;
		};
		9B807F8C2AEA64790011A542 /* Build configuration list for PBXNativeTarget "ProEduc" */ = {
			isa = XCConfigurationList;
			buildConfigurations = (
				9B807F8D2AEA64790011A542 /* Debug */,
				9B807F8E2AEA64790011A542 /* Release */,
			);
			defaultConfigurationIsVisible = 0;
			defaultConfigurationName = Release;
		};
/* End XCConfigurationList section */
	};
	rootObject = 9B807F762AEA64770011A542 /* Project object */;
}
